
Microsoft Visual Studio Solution File, Format Version 12.00
# Visual Studio Version 16
VisualStudioVersion = 16.0.31313.79
MinimumVisualStudioVersion = 10.0.40219.1
Project("{9A19103F-16F7-4668-BE54-9A1E7A4F7556}") = "MoviesRecommandtions", "MoviesRecommandtions.csproj", "{5FEB59FA-C9CA-4919-A107-B7476692E5AB}"
EndProject
Global
	GlobalSection(SolutionConfigurationPlatforms) = preSolution
		Debug|Any CPU = Debug|Any CPU
		Release|Any CPU = Release|Any CPU
	EndGlobalSection
	GlobalSection(ProjectConfigurationPlatforms) = postSolution
		{5FEB59FA-C9CA-4919-A107-B7476692E5AB}.Debug|Any CPU.ActiveCfg = Debug|Any CPU
		{5FEB59FA-C9CA-4919-A107-B7476692E5AB}.Debug|Any CPU.Build.0 = Debug|Any CPU
		{5FEB59FA-C9CA-4919-A107-B7476692E5AB}.Release|Any CPU.ActiveCfg = Release|Any CPU
		{5FEB59FA-C9CA-4919-A107-B7476692E5AB}.Release|Any CPU.Build.0 = Release|Any CPU
	EndGlobalSection
	GlobalSection(SolutionProperties) = preSolution
		HideSolutionNode = FALSE
	EndGlobalSection
	GlobalSection(ExtensibilityGlobals) = postSolution
		SolutionGuid = {FFE0C88F-E2EB-4CFC-A05B-0AE13DE8C5EB}
	EndGlobalSection
EndGlobal
